// !$*UTF8*$!
{
	archiveVersion = 1;
	classes = {
	};
	objectVersion = 55;
	objects = {

/* Begin PBXBuildFile section */
		41AA2B5228744A6000FC08FA /* Tests_iOS.swift in Sources */ = {isa = PBXBuildFile; fileRef = 41AA2B5128744A6000FC08FA /* Tests_iOS.swift */; };
		41AA2B5428744A6000FC08FA /* Tests_iOSLaunchTests.swift in Sources */ = {isa = PBXBuildFile; fileRef = 41AA2B5328744A6000FC08FA /* Tests_iOSLaunchTests.swift */; };
		41AA2B5E28744A6000FC08FA /* Tests_macOS.swift in Sources */ = {isa = PBXBuildFile; fileRef = 41AA2B5D28744A6000FC08FA /* Tests_macOS.swift */; };
		41AA2B6028744A6000FC08FA /* Tests_macOSLaunchTests.swift in Sources */ = {isa = PBXBuildFile; fileRef = 41AA2B5F28744A6000FC08FA /* Tests_macOSLaunchTests.swift */; };
		41AA2B6128744A6000FC08FA /* iExpenseApp.swift in Sources */ = {isa = PBXBuildFile; fileRef = 41AA2B3928744A5C00FC08FA /* iExpenseApp.swift */; };
		41AA2B6228744A6000FC08FA /* iExpenseApp.swift in Sources */ = {isa = PBXBuildFile; fileRef = 41AA2B3928744A5C00FC08FA /* iExpenseApp.swift */; };
		41AA2B6328744A6000FC08FA /* ContentView.swift in Sources */ = {isa = PBXBuildFile; fileRef = 41AA2B3A28744A5C00FC08FA /* ContentView.swift */; };
		41AA2B6428744A6000FC08FA /* ContentView.swift in Sources */ = {isa = PBXBuildFile; fileRef = 41AA2B3A28744A5C00FC08FA /* ContentView.swift */; };
		41AA2B6528744A6000FC08FA /* Assets.xcassets in Resources */ = {isa = PBXBuildFile; fileRef = 41AA2B3B28744A6000FC08FA /* Assets.xcassets */; };
		41AA2B6628744A6000FC08FA /* Assets.xcassets in Resources */ = {isa = PBXBuildFile; fileRef = 41AA2B3B28744A6000FC08FA /* Assets.xcassets */; };
/* End PBXBuildFile section */

/* Begin PBXContainerItemProxy section */
		41AA2B4E28744A6000FC08FA /* PBXContainerItemProxy */ = {
			isa = PBXContainerItemProxy;
			containerPortal = 41AA2B3428744A5C00FC08FA /* Project object */;
			proxyType = 1;
			remoteGlobalIDString = 41AA2B3F28744A6000FC08FA;
			remoteInfo = "iExpense (iOS)";
		};
		41AA2B5A28744A6000FC08FA /* PBXContainerItemProxy */ = {
			isa = PBXContainerItemProxy;
			containerPortal = 41AA2B3428744A5C00FC08FA /* Project object */;
			proxyType = 1;
			remoteGlobalIDString = 41AA2B4528744A6000FC08FA;
			remoteInfo = "iExpense (macOS)";
		};
/* End PBXContainerItemProxy section */

/* Begin PBXFileReference section */
		41AA2B3928744A5C00FC08FA /* iExpenseApp.swift */ = {isa = PBXFileReference; lastKnownFileType = sourcecode.swift; path = iExpenseApp.swift; sourceTree = "<group>"; };
		41AA2B3A28744A5C00FC08FA /* ContentView.swift */ = {isa = PBXFileReference; lastKnownFileType = sourcecode.swift; path = ContentView.swift; sourceTree = "<group>"; };
		41AA2B3B28744A6000FC08FA /* Assets.xcassets */ = {isa = PBXFileReference; lastKnownFileType = folder.assetcatalog; path = Assets.xcassets; sourceTree = "<group>"; };
		41AA2B4028744A6000FC08FA /* iExpense.app */ = {isa = PBXFileReference; explicitFileType = wrapper.application; includeInIndex = 0; path = iExpense.app; sourceTree = BUILT_PRODUCTS_DIR; };
		41AA2B4628744A6000FC08FA /* iExpense.app */ = {isa = PBXFileReference; explicitFileType = wrapper.application; includeInIndex = 0; path = iExpense.app; sourceTree = BUILT_PRODUCTS_DIR; };
		41AA2B4828744A6000FC08FA /* macOS.entitlements */ = {isa = PBXFileReference; lastKnownFileType = text.plist.entitlements; path = macOS.entitlements; sourceTree = "<group>"; };
		41AA2B4D28744A6000FC08FA /* Tests iOS.xctest */ = {isa = PBXFileReference; explicitFileType = wrapper.cfbundle; includeInIndex = 0; path = "Tests iOS.xctest"; sourceTree = BUILT_PRODUCTS_DIR; };
		41AA2B5128744A6000FC08FA /* Tests_iOS.swift */ = {isa = PBXFileReference; lastKnownFileType = sourcecode.swift; path = Tests_iOS.swift; sourceTree = "<group>"; };
		41AA2B5328744A6000FC08FA /* Tests_iOSLaunchTests.swift */ = {isa = PBXFileReference; lastKnownFileType = sourcecode.swift; path = Tests_iOSLaunchTests.swift; sourceTree = "<group>"; };
		41AA2B5928744A6000FC08FA /* Tests macOS.xctest */ = {isa = PBXFileReference; explicitFileType = wrapper.cfbundle; includeInIndex = 0; path = "Tests macOS.xctest"; sourceTree = BUILT_PRODUCTS_DIR; };
		41AA2B5D28744A6000FC08FA /* Tests_macOS.swift */ = {isa = PBXFileReference; lastKnownFileType = sourcecode.swift; path = Tests_macOS.swift; sourceTree = "<group>"; };
		41AA2B5F28744A6000FC08FA /* Tests_macOSLaunchTests.swift */ = {isa = PBXFileReference; lastKnownFileType = sourcecode.swift; path = Tests_macOSLaunchTests.swift; sourceTree = "<group>"; };
/* End PBXFileReference section */

/* Begin PBXFrameworksBuildPhase section */
		41AA2B3D28744A6000FC08FA /* Frameworks */ = {
			isa = PBXFrameworksBuildPhase;
			buildActionMask = 2147483647;
			files = (
			);
			runOnlyForDeploymentPostprocessing = 0;
		};
		41AA2B4328744A6000FC08FA /* Frameworks */ = {
			isa = PBXFrameworksBuildPhase;
			buildActionMask = 2147483647;
			files = (
			);
			runOnlyForDeploymentPostprocessing = 0;
		};
		41AA2B4A28744A6000FC08FA /* Frameworks */ = {
			isa = PBXFrameworksBuildPhase;
			buildActionMask = 2147483647;
			files = (
			);
			runOnlyForDeploymentPostprocessing = 0;
		};
		41AA2B5628744A6000FC08FA /* Frameworks */ = {
			isa = PBXFrameworksBuildPhase;
			buildActionMask = 2147483647;
			files = (
			);
			runOnlyForDeploymentPostprocessing = 0;
		};
/* End PBXFrameworksBuildPhase section */

/* Begin PBXGroup section */
		41AA2B3328744A5C00FC08FA = {
			isa = PBXGroup;
			children = (
				41AA2B3828744A5C00FC08FA /* Shared */,
				41AA2B4728744A6000FC08FA /* macOS */,
				41AA2B5028744A6000FC08FA /* Tests iOS */,
				41AA2B5C28744A6000FC08FA /* Tests macOS */,
				41AA2B4128744A6000FC08FA /* Products */,
			);
			sourceTree = "<group>";
		};
		41AA2B3828744A5C00FC08FA /* Shared */ = {
			isa = PBXGroup;
			children = (
				41AA2B3928744A5C00FC08FA /* iExpenseApp.swift */,
				41AA2B3A28744A5C00FC08FA /* ContentView.swift */,
				41AA2B3B28744A6000FC08FA /* Assets.xcassets */,
			);
			path = Shared;
			sourceTree = "<group>";
		};
		41AA2B4128744A6000FC08FA /* Products */ = {
			isa = PBXGroup;
			children = (
				41AA2B4028744A6000FC08FA /* iExpense.app */,
				41AA2B4628744A6000FC08FA /* iExpense.app */,
				41AA2B4D28744A6000FC08FA /* Tests iOS.xctest */,
				41AA2B5928744A6000FC08FA /* Tests macOS.xctest */,
			);
			name = Products;
			sourceTree = "<group>";
		};
		41AA2B4728744A6000FC08FA /* macOS */ = {
			isa = PBXGroup;
			children = (
				41AA2B4828744A6000FC08FA /* macOS.entitlements */,
			);
			path = macOS;
			sourceTree = "<group>";
		};
		41AA2B5028744A6000FC08FA /* Tests iOS */ = {
			isa = PBXGroup;
			children = (
				41AA2B5128744A6000FC08FA /* Tests_iOS.swift */,
				41AA2B5328744A6000FC08FA /* Tests_iOSLaunchTests.swift */,
			);
			path = "Tests iOS";
			sourceTree = "<group>";
		};
		41AA2B5C28744A6000FC08FA /* Tests macOS */ = {
			isa = PBXGroup;
			children = (
				41AA2B5D28744A6000FC08FA /* Tests_macOS.swift */,
				41AA2B5F28744A6000FC08FA /* Tests_macOSLaunchTests.swift */,
			);
			path = "Tests macOS";
			sourceTree = "<group>";
		};
/* End PBXGroup section */

/* Begin PBXNativeTarget section */
		41AA2B3F28744A6000FC08FA /* iExpense (iOS) */ = {
			isa = PBXNativeTarget;
			buildConfigurationList = 41AA2B6928744A6000FC08FA /* Build configuration list for PBXNativeTarget "iExpense (iOS)" */;
			buildPhases = (
				41AA2B3C28744A6000FC08FA /* Sources */,
				41AA2B3D28744A6000FC08FA /* Frameworks */,
				41AA2B3E28744A6000FC08FA /* Resources */,
			);
			buildRules = (
			);
			dependencies = (
			);
			name = "iExpense (iOS)";
			productName = "iExpense (iOS)";
			productReference = 41AA2B4028744A6000FC08FA /* iExpense.app */;
			productType = "com.apple.product-type.application";
		};
		41AA2B4528744A6000FC08FA /* iExpense (macOS) */ = {
			isa = PBXNativeTarget;
			buildConfigurationList = 41AA2B6C28744A6000FC08FA /* Build configuration list for PBXNativeTarget "iExpense (macOS)" */;
			buildPhases = (
				41AA2B4228744A6000FC08FA /* Sources */,
				41AA2B4328744A6000FC08FA /* Frameworks */,
				41AA2B4428744A6000FC08FA /* Resources */,
			);
			buildRules = (
			);
			dependencies = (
			);
			name = "iExpense (macOS)";
			productName = "iExpense (macOS)";
			productReference = 41AA2B4628744A6000FC08FA /* iExpense.app */;
			productType = "com.apple.product-type.application";
		};
		41AA2B4C28744A6000FC08FA /* Tests iOS */ = {
			isa = PBXNativeTarget;
			buildConfigurationList = 41AA2B6F28744A6000FC08FA /* Build configuration list for PBXNativeTarget "Tests iOS" */;
			buildPhases = (
				41AA2B4928744A6000FC08FA /* Sources */,
				41AA2B4A28744A6000FC08FA /* Frameworks */,
				41AA2B4B28744A6000FC08FA /* Resources */,
			);
			buildRules = (
			);
			dependencies = (
				41AA2B4F28744A6000FC08FA /* PBXTargetDependency */,
			);
			name = "Tests iOS";
			productName = "Tests iOS";
			productReference = 41AA2B4D28744A6000FC08FA /* Tests iOS.xctest */;
			productType = "com.apple.product-type.bundle.ui-testing";
		};
		41AA2B5828744A6000FC08FA /* Tests macOS */ = {
			isa = PBXNativeTarget;
			buildConfigurationList = 41AA2B7228744A6000FC08FA /* Build configuration list for PBXNativeTarget "Tests macOS" */;
			buildPhases = (
				41AA2B5528744A6000FC08FA /* Sources */,
				41AA2B5628744A6000FC08FA /* Frameworks */,
				41AA2B5728744A6000FC08FA /* Resources */,
			);
			buildRules = (
			);
			dependencies = (
				41AA2B5B28744A6000FC08FA /* PBXTargetDependency */,
			);
			name = "Tests macOS";
			productName = "Tests macOS";
			productReference = 41AA2B5928744A6000FC08FA /* Tests macOS.xctest */;
			productType = "com.apple.product-type.bundle.ui-testing";
		};
/* End PBXNativeTarget section */

/* Begin PBXProject section */
		41AA2B3428744A5C00FC08FA /* Project object */ = {
			isa = PBXProject;
			attributes = {
				BuildIndependentTargetsInParallel = 1;
				LastSwiftUpdateCheck = 1330;
				LastUpgradeCheck = 1330;
				TargetAttributes = {
					41AA2B3F28744A6000FC08FA = {
						CreatedOnToolsVersion = 13.3.1;
					};
					41AA2B4528744A6000FC08FA = {
						CreatedOnToolsVersion = 13.3.1;
					};
					41AA2B4C28744A6000FC08FA = {
						CreatedOnToolsVersion = 13.3.1;
						TestTargetID = 41AA2B3F28744A6000FC08FA;
					};
					41AA2B5828744A6000FC08FA = {
						CreatedOnToolsVersion = 13.3.1;
						TestTargetID = 41AA2B4528744A6000FC08FA;
					};
				};
			};
			buildConfigurationList = 41AA2B3728744A5C00FC08FA /* Build configuration list for PBXProject "iExpense" */;
			compatibilityVersion = "Xcode 13.0";
			developmentRegion = en;
			hasScannedForEncodings = 0;
			knownRegions = (
				en,
				Base,
			);
			mainGroup = 41AA2B3328744A5C00FC08FA;
			productRefGroup = 41AA2B4128744A6000FC08FA /* Products */;
			projectDirPath = "";
			projectRoot = "";
			targets = (
				41AA2B3F28744A6000FC08FA /* iExpense (iOS) */,
				41AA2B4528744A6000FC08FA /* iExpense (macOS) */,
				41AA2B4C28744A6000FC08FA /* Tests iOS */,
				41AA2B5828744A6000FC08FA /* Tests macOS */,
			);
		};
/* End PBXProject section */

/* Begin PBXResourcesBuildPhase section */
		41AA2B3E28744A6000FC08FA /* Resources */ = {
			isa = PBXResourcesBuildPhase;
			buildActionMask = 2147483647;
			files = (
				41AA2B6528744A6000FC08FA /* Assets.xcassets in Resources */,
			);
			runOnlyForDeploymentPostprocessing = 0;
		};
		41AA2B4428744A6000FC08FA /* Resources */ = {
			isa = PBXResourcesBuildPhase;
			buildActionMask = 2147483647;
			files = (
				41AA2B6628744A6000FC08FA /* Assets.xcassets in Resources */,
			);
			runOnlyForDeploymentPostprocessing = 0;
		};
		41AA2B4B28744A6000FC08FA /* Resources */ = {
			isa = PBXResourcesBuildPhase;
			buildActionMask = 2147483647;
			files = (
			);
			runOnlyForDeploymentPostprocessing = 0;
		};
		41AA2B5728744A6000FC08FA /* Resources */ = {
			isa = PBXResourcesBuildPhase;
			buildActionMask = 2147483647;
			files = (
			);
			runOnlyForDeploymentPostprocessing = 0;
		};
/* End PBXResourcesBuildPhase section */

/* Begin PBXSourcesBuildPhase section */
		41AA2B3C28744A6000FC08FA /* Sources */ = {
			isa = PBXSourcesBuildPhase;
			buildActionMask = 2147483647;
			files = (
				41AA2B6328744A6000FC08FA /* ContentView.swift in Sources */,
				41AA2B6128744A6000FC08FA /* iExpenseApp.swift in Sources */,
			);
			runOnlyForDeploymentPostprocessing = 0;
		};
		41AA2B4228744A6000FC08FA /* Sources */ = {
			isa = PBXSourcesBuildPhase;
			buildActionMask = 2147483647;
			files = (
				41AA2B6428744A6000FC08FA /* ContentView.swift in Sources */,
				41AA2B6228744A6000FC08FA /* iExpenseApp.swift in Sources */,
			);
			runOnlyForDeploymentPostprocessing = 0;
		};
		41AA2B4928744A6000FC08FA /* Sources */ = {
			isa = PBXSourcesBuildPhase;
			buildActionMask = 2147483647;
			files = (
				41AA2B5428744A6000FC08FA /* Tests_iOSLaunchTests.swift in Sources */,
				41AA2B5228744A6000FC08FA /* Tests_iOS.swift in Sources */,
			);
			runOnlyForDeploymentPostprocessing = 0;
		};
		41AA2B5528744A6000FC08FA /* Sources */ = {
			isa = PBXSourcesBuildPhase;
			buildActionMask = 2147483647;
			files = (
				41AA2B6028744A6000FC08FA /* Tests_macOSLaunchTests.swift in Sources */,
				41AA2B5E28744A6000FC08FA /* Tests_macOS.swift in Sources */,
			);
			runOnlyForDeploymentPostprocessing = 0;
		};
/* End PBXSourcesBuildPhase section */

/* Begin PBXTargetDependency section */
		41AA2B4F28744A6000FC08FA /* PBXTargetDependency */ = {
			isa = PBXTargetDependency;
			target = 41AA2B3F28744A6000FC08FA /* iExpense (iOS) */;
			targetProxy = 41AA2B4E28744A6000FC08FA /* PBXContainerItemProxy */;
		};
		41AA2B5B28744A6000FC08FA /* PBXTargetDependency */ = {
			isa = PBXTargetDependency;
			target = 41AA2B4528744A6000FC08FA /* iExpense (macOS) */;
			targetProxy = 41AA2B5A28744A6000FC08FA /* PBXContainerItemProxy */;
		};
/* End PBXTargetDependency section */

/* Begin XCBuildConfiguration section */
		41AA2B6728744A6000FC08FA /* Debug */ = {
			isa = XCBuildConfiguration;
			buildSettings = {
				ALWAYS_SEARCH_USER_PATHS = NO;
				CLANG_ANALYZER_NONNULL = YES;
				CLANG_ANALYZER_NUMBER_OBJECT_CONVERSION = YES_AGGRESSIVE;
				CLANG_CXX_LANGUAGE_STANDARD = "gnu++17";
				CLANG_ENABLE_MODULES = YES;
				CLANG_ENABLE_OBJC_ARC = YES;
				CLANG_ENABLE_OBJC_WEAK = YES;
				CLANG_WARN_BLOCK_CAPTURE_AUTORELEASING = YES;
				CLANG_WARN_BOOL_CONVERSION = YES;
				CLANG_WARN_COMMA = YES;
				CLANG_WARN_CONSTANT_CONVERSION = YES;
				CLANG_WARN_DEPRECATED_OBJC_IMPLEMENTATIONS = YES;
				CLANG_WARN_DIRECT_OBJC_ISA_USAGE = YES_ERROR;
				CLANG_WARN_DOCUMENTATION_COMMENTS = YES;
				CLANG_WARN_EMPTY_BODY = YES;
				CLANG_WARN_ENUM_CONVERSION = YES;
				CLANG_WARN_INFINITE_RECURSION = YES;
				CLANG_WARN_INT_CONVERSION = YES;
				CLANG_WARN_NON_LITERAL_NULL_CONVERSION = YES;
				CLANG_WARN_OBJC_IMPLICIT_RETAIN_SELF = YES;
				CLANG_WARN_OBJC_LITERAL_CONVERSION = YES;
				CLANG_WARN_OBJC_ROOT_CLASS = YES_ERROR;
				CLANG_WARN_QUOTED_INCLUDE_IN_FRAMEWORK_HEADER = YES;
				CLANG_WARN_RANGE_LOOP_ANALYSIS = YES;
				CLANG_WARN_STRICT_PROTOTYPES = YES;
				CLANG_WARN_SUSPICIOUS_MOVE = YES;
				CLANG_WARN_UNGUARDED_AVAILABILITY = YES_AGGRESSIVE;
				CLANG_WARN_UNREACHABLE_CODE = YES;
				CLANG_WARN__DUPLICATE_METHOD_MATCH = YES;
				COPY_PHASE_STRIP = NO;
				DEBUG_INFORMATION_FORMAT = dwarf;
				ENABLE_STRICT_OBJC_MSGSEND = YES;
				ENABLE_TESTABILITY = YES;
				GCC_C_LANGUAGE_STANDARD = gnu11;
				GCC_DYNAMIC_NO_PIC = NO;
				GCC_NO_COMMON_BLOCKS = YES;
				GCC_OPTIMIZATION_LEVEL = 0;
				GCC_PREPROCESSOR_DEFINITIONS = (
					"DEBUG=1",
					"$(inherited)",
				);
				GCC_WARN_64_TO_32_BIT_CONVERSION = YES;
				GCC_WARN_ABOUT_RETURN_TYPE = YES_ERROR;
				GCC_WARN_UNDECLARED_SELECTOR = YES;
				GCC_WARN_UNINITIALIZED_AUTOS = YES_AGGRESSIVE;
				GCC_WARN_UNUSED_FUNCTION = YES;
				GCC_WARN_UNUSED_VARIABLE = YES;
				MTL_ENABLE_DEBUG_INFO = INCLUDE_SOURCE;
				MTL_FAST_MATH = YES;
				ONLY_ACTIVE_ARCH = YES;
				SWIFT_ACTIVE_COMPILATION_CONDITIONS = DEBUG;
				SWIFT_OPTIMIZATION_LEVEL = "-Onone";
			};
			name = Debug;
		};
		41AA2B6828744A6000FC08FA /* Release */ = {
			isa = XCBuildConfiguration;
			buildSettings = {
				ALWAYS_SEARCH_USER_PATHS = NO;
				CLANG_ANALYZER_NONNULL = YES;
				CLANG_ANALYZER_NUMBER_OBJECT_CONVERSION = YES_AGGRESSIVE;
				CLANG_CXX_LANGUAGE_STANDARD = "gnu++17";
				CLANG_ENABLE_MODULES = YES;
				CLANG_ENABLE_OBJC_ARC = YES;
				CLANG_ENABLE_OBJC_WEAK = YES;
				CLANG_WARN_BLOCK_CAPTURE_AUTORELEASING = YES;
				CLANG_WARN_BOOL_CONVERSION = YES;
				CLANG_WARN_COMMA = YES;
				CLANG_WARN_CONSTANT_CONVERSION = YES;
				CLANG_WARN_DEPRECATED_OBJC_IMPLEMENTATIONS = YES;
				CLANG_WARN_DIRECT_OBJC_ISA_USAGE = YES_ERROR;
				CLANG_WARN_DOCUMENTATION_COMMENTS = YES;
				CLANG_WARN_EMPTY_BODY = YES;
				CLANG_WARN_ENUM_CONVERSION = YES;
				CLANG_WARN_INFINITE_RECURSION = YES;
				CLANG_WARN_INT_CONVERSION = YES;
				CLANG_WARN_NON_LITERAL_NULL_CONVERSION = YES;
				CLANG_WARN_OBJC_IMPLICIT_RETAIN_SELF = YES;
				CLANG_WARN_OBJC_LITERAL_CONVERSION = YES;
				CLANG_WARN_OBJC_ROOT_CLASS = YES_ERROR;
				CLANG_WARN_QUOTED_INCLUDE_IN_FRAMEWORK_HEADER = YES;
				CLANG_WARN_RANGE_LOOP_ANALYSIS = YES;
				CLANG_WARN_STRICT_PROTOTYPES = YES;
				CLANG_WARN_SUSPICIOUS_MOVE = YES;
				CLANG_WARN_UNGUARDED_AVAILABILITY = YES_AGGRESSIVE;
				CLANG_WARN_UNREACHABLE_CODE = YES;
				CLANG_WARN__DUPLICATE_METHOD_MATCH = YES;
				COPY_PHASE_STRIP = NO;
				DEBUG_INFORMATION_FORMAT = "dwarf-with-dsym";
				ENABLE_NS_ASSERTIONS = NO;
				ENABLE_STRICT_OBJC_MSGSEND = YES;
				GCC_C_LANGUAGE_STANDARD = gnu11;
				GCC_NO_COMMON_BLOCKS = YES;
				GCC_WARN_64_TO_32_BIT_CONVERSION = YES;
				GCC_WARN_ABOUT_RETURN_TYPE = YES_ERROR;
				GCC_WARN_UNDECLARED_SELECTOR = YES;
				GCC_WARN_UNINITIALIZED_AUTOS = YES_AGGRESSIVE;
				GCC_WARN_UNUSED_FUNCTION = YES;
				GCC_WARN_UNUSED_VARIABLE = YES;
				MTL_ENABLE_DEBUG_INFO = NO;
				MTL_FAST_MATH = YES;
				SWIFT_COMPILATION_MODE = wholemodule;
				SWIFT_OPTIMIZATION_LEVEL = "-O";
			};
			name = Release;
		};
		41AA2B6A28744A6000FC08FA /* Debug */ = {
			isa = XCBuildConfiguration;
			buildSettings = {
				ASSETCATALOG_COMPILER_APPICON_NAME = AppIcon;
				ASSETCATALOG_COMPILER_GLOBAL_ACCENT_COLOR_NAME = AccentColor;
				CODE_SIGN_STYLE = Automatic;
				CURRENT_PROJECT_VERSION = 1;
				DEVELOPMENT_TEAM = K3WVRH5UCM;
				ENABLE_PREVIEWS = YES;
				GENERATE_INFOPLIST_FILE = YES;
				INFOPLIST_KEY_UIApplicationSceneManifest_Generation = YES;
				INFOPLIST_KEY_UIApplicationSupportsIndirectInputEvents = YES;
				INFOPLIST_KEY_UILaunchScreen_Generation = YES;
				INFOPLIST_KEY_UISupportedInterfaceOrientations_iPad = "UIInterfaceOrientationPortrait UIInterfaceOrientationPortraitUpsideDown UIInterfaceOrientationLandscapeLeft UIInterfaceOrientationLandscapeRight";
				INFOPLIST_KEY_UISupportedInterfaceOrientations_iPhone = "UIInterfaceOrientationPortrait UIInterfaceOrientationLandscapeLeft UIInterfaceOrientationLandscapeRight";
				IPHONEOS_DEPLOYMENT_TARGET = 15.4;
				LD_RUNPATH_SEARCH_PATHS = (
					"$(inherited)",
					"@executable_path/Frameworks",
				);
				MARKETING_VERSION = 1.0;
				PRODUCT_BUNDLE_IDENTIFIER = Tatiana.iExpense;
				PRODUCT_NAME = iExpense;
				SDKROOT = iphoneos;
				SWIFT_EMIT_LOC_STRINGS = YES;
				SWIFT_VERSION = 5.0;
				TARGETED_DEVICE_FAMILY = "1,2";
			};
			name = Debug;
		};
		41AA2B6B28744A6000FC08FA /* Release */ = {
			isa = XCBuildConfiguration;
			buildSettings = {
				ASSETCATALOG_COMPILER_APPICON_NAME = AppIcon;
				ASSETCATALOG_COMPILER_GLOBAL_ACCENT_COLOR_NAME = AccentColor;
				CODE_SIGN_STYLE = Automatic;
				CURRENT_PROJECT_VERSION = 1;
				DEVELOPMENT_TEAM = K3WVRH5UCM;
				ENABLE_PREVIEWS = YES;
				GENERATE_INFOPLIST_FILE = YES;
				INFOPLIST_KEY_UIApplicationSceneManifest_Generation = YES;
				INFOPLIST_KEY_UIApplicationSupportsIndirectInputEvents = YES;
				INFOPLIST_KEY_UILaunchScreen_Generation = YES;
				INFOPLIST_KEY_UISupportedInterfaceOrientations_iPad = "UIInterfaceOrientationPortrait UIInterfaceOrientationPortraitUpsideDown UIInterfaceOrientationLandscapeLeft UIInterfaceOrientationLandscapeRight";
				INFOPLIST_KEY_UISupportedInterfaceOrientations_iPhone = "UIInterfaceOrientationPortrait UIInterfaceOrientationLandscapeLeft UIInterfaceOrientationLandscapeRight";
				IPHONEOS_DEPLOYMENT_TARGET = 15.4;
				LD_RUNPATH_SEARCH_PATHS = (
					"$(inherited)",
					"@executable_path/Frameworks",
				);
				MARKETING_VERSION = 1.0;
				PRODUCT_BUNDLE_IDENTIFIER = Tatiana.iExpense;
				PRODUCT_NAME = iExpense;
				SDKROOT = iphoneos;
				SWIFT_EMIT_LOC_STRINGS = YES;
				SWIFT_VERSION = 5.0;
				TARGETED_DEVICE_FAMILY = "1,2";
				VALIDATE_PRODUCT = YES;
			};
			name = Release;
		};
		41AA2B6D28744A6000FC08FA /* Debug */ = {
			isa = XCBuildConfiguration;
			buildSettings = {
				ASSETCATALOG_COMPILER_APPICON_NAME = AppIcon;
				ASSETCATALOG_COMPILER_GLOBAL_ACCENT_COLOR_NAME = AccentColor;
				CODE_SIGN_ENTITLEMENTS = macOS/macOS.entitlements;
				CODE_SIGN_STYLE = Automatic;
				COMBINE_HIDPI_IMAGES = YES;
				CURRENT_PROJECT_VERSION = 1;
				DEVELOPMENT_TEAM = K3WVRH5UCM;
				ENABLE_HARDENED_RUNTIME = YES;
				ENABLE_PREVIEWS = YES;
				GENERATE_INFOPLIST_FILE = YES;
				INFOPLIST_KEY_NSHumanReadableCopyright = "";
				LD_RUNPATH_SEARCH_PATHS = (
					"$(inherited)",
					"@executable_path/../Frameworks",
				);
				MACOSX_DEPLOYMENT_TARGET = 12.0;
				MARKETING_VERSION = 1.0;
				PRODUCT_BUNDLE_IDENTIFIER = Tatiana.iExpense;
				PRODUCT_NAME = iExpense;
				SDKROOT = macosx;
				SWIFT_EMIT_LOC_STRINGS = YES;
				SWIFT_VERSION = 5.0;
			};
			name = Debug;
		};
		41AA2B6E28744A6000FC08FA /* Release */ = {
			isa = XCBuildConfiguration;
			buildSettings = {
				ASSETCATALOG_COMPILER_APPICON_NAME = AppIcon;
				ASSETCATALOG_COMPILER_GLOBAL_ACCENT_COLOR_NAME = AccentColor;
				CODE_SIGN_ENTITLEMENTS = macOS/macOS.entitlements;
				CODE_SIGN_STYLE = Automatic;
				COMBINE_HIDPI_IMAGES = YES;
				CURRENT_PROJECT_VERSION = 1;
				DEVELOPMENT_TEAM = K3WVRH5UCM;
				ENABLE_HARDENED_RUNTIME = YES;
				ENABLE_PREVIEWS = YES;
				GENERATE_INFOPLIST_FILE = YES;
				INFOPLIST_KEY_NSHumanReadableCopyright = "";
				LD_RUNPATH_SEARCH_PATHS = (
					"$(inherited)",
					"@executable_path/../Frameworks",
				);
				MACOSX_DEPLOYMENT_TARGET = 12.0;
				MARKETING_VERSION = 1.0;
				PRODUCT_BUNDLE_IDENTIFIER = Tatiana.iExpense;
				PRODUCT_NAME = iExpense;
				SDKROOT = macosx;
				SWIFT_EMIT_LOC_STRINGS = YES;
				SWIFT_VERSION = 5.0;
			};
			name = Release;
		};
		41AA2B7028744A6000FC08FA /* Debug */ = {
			isa = XCBuildConfiguration;
			buildSettings = {
				ALWAYS_EMBED_SWIFT_STANDARD_LIBRARIES = YES;
				CODE_SIGN_STYLE = Automatic;
				CURRENT_PROJECT_VERSION = 1;
				DEVELOPMENT_TEAM = K3WVRH5UCM;
				GENERATE_INFOPLIST_FILE = YES;
				IPHONEOS_DEPLOYMENT_TARGET = 15.4;
				MARKETING_VERSION = 1.0;
				PRODUCT_BUNDLE_IDENTIFIER = "Tatiana.Tests-iOS";
				PRODUCT_NAME = "$(TARGET_NAME)";
				SDKROOT = iphoneos;
				SWIFT_EMIT_LOC_STRINGS = NO;
				SWIFT_VERSION = 5.0;
				TARGETED_DEVICE_FAMILY = "1,2";
				TEST_TARGET_NAME = "iExpense (iOS)";
			};
			name = Debug;
		};
		41AA2B7128744A6000FC08FA /* Release */ = {
			isa = XCBuildConfiguration;
			buildSettings = {
				ALWAYS_EMBED_SWIFT_STANDARD_LIBRARIES = YES;
				CODE_SIGN_STYLE = Automatic;
				CURRENT_PROJECT_VERSION = 1;
				DEVELOPMENT_TEAM = K3WVRH5UCM;
				GENERATE_INFOPLIST_FILE = YES;
				IPHONEOS_DEPLOYMENT_TARGET = 15.4;
				MARKETING_VERSION = 1.0;
				PRODUCT_BUNDLE_IDENTIFIER = "Tatiana.Tests-iOS";
				PRODUCT_NAME = "$(TARGET_NAME)";
				SDKROOT = iphoneos;
				SWIFT_EMIT_LOC_STRINGS = NO;
				SWIFT_VERSION = 5.0;
				TARGETED_DEVICE_FAMILY = "1,2";
				TEST_TARGET_NAME = "iExpense (iOS)";
				VALIDATE_PRODUCT = YES;
			};
			name = Release;
		};
		41AA2B7328744A6000FC08FA /* Debug */ = {
			isa = XCBuildConfiguration;
			buildSettings = {
				ALWAYS_EMBED_SWIFT_STANDARD_LIBRARIES = YES;
				CODE_SIGN_STYLE = Automatic;
				CURRENT_PROJECT_VERSION = 1;
				DEVELOPMENT_TEAM = K3WVRH5UCM;
				GENERATE_INFOPLIST_FILE = YES;
				MACOSX_DEPLOYMENT_TARGET = 12.0;
				MARKETING_VERSION = 1.0;
				PRODUCT_BUNDLE_IDENTIFIER = "Tatiana.Tests-macOS";
				PRODUCT_NAME = "$(TARGET_NAME)";
				SDKROOT = macosx;
				SWIFT_EMIT_LOC_STRINGS = NO;
				SWIFT_VERSION = 5.0;
				TEST_TARGET_NAME = "iExpense (macOS)";
			};
			name = Debug;
		};
		41AA2B7428744A6000FC08FA /* Release */ = {
			isa = XCBuildConfiguration;
			buildSettings = {
				ALWAYS_EMBED_SWIFT_STANDARD_LIBRARIES = YES;
				CODE_SIGN_STYLE = Automatic;
				CURRENT_PROJECT_VERSION = 1;
				DEVELOPMENT_TEAM = K3WVRH5UCM;
				GENERATE_INFOPLIST_FILE = YES;
				MACOSX_DEPLOYMENT_TARGET = 12.0;
				MARKETING_VERSION = 1.0;
				PRODUCT_BUNDLE_IDENTIFIER = "Tatiana.Tests-macOS";
				PRODUCT_NAME = "$(TARGET_NAME)";
				SDKROOT = macosx;
				SWIFT_EMIT_LOC_STRINGS = NO;
				SWIFT_VERSION = 5.0;
				TEST_TARGET_NAME = "iExpense (macOS)";
			};
			name = Release;
		};
/* End XCBuildConfiguration section */

/* Begin XCConfigurationList section */
		41AA2B3728744A5C00FC08FA /* Build configuration list for PBXProject "iExpense" */ = {
			isa = XCConfigurationList;
			buildConfigurations = (
				41AA2B6728744A6000FC08FA /* Debug */,
				41AA2B6828744A6000FC08FA /* Release */,
			);
			defaultConfigurationIsVisible = 0;
			defaultConfigurationName = Release;
		};
		41AA2B6928744A6000FC08FA /* Build configuration list for PBXNativeTarget "iExpense (iOS)" */ = {
			isa = XCConfigurationList;
			buildConfigurations = (
				41AA2B6A28744A6000FC08FA /* Debug */,
				41AA2B6B28744A6000FC08FA /* Release */,
			);
			defaultConfigurationIsVisible = 0;
			defaultConfigurationName = Release;
		};
		41AA2B6C28744A6000FC08FA /* Build configuration list for PBXNativeTarget "iExpense (macOS)" */ = {
			isa = XCConfigurationList;
			buildConfigurations = (
				41AA2B6D28744A6000FC08FA /* Debug */,
				41AA2B6E28744A6000FC08FA /* Release */,
			);
			defaultConfigurationIsVisible = 0;
			defaultConfigurationName = Release;
		};
		41AA2B6F28744A6000FC08FA /* Build configuration list for PBXNativeTarget "Tests iOS" */ = {
			isa = XCConfigurationList;
			buildConfigurations = (
				41AA2B7028744A6000FC08FA /* Debug */,
				41AA2B7128744A6000FC08FA /* Release */,
			);
			defaultConfigurationIsVisible = 0;
			defaultConfigurationName = Release;
		};
		41AA2B7228744A6000FC08FA /* Build configuration list for PBXNativeTarget "Tests macOS" */ = {
			isa = XCConfigurationList;
			buildConfigurations = (
				41AA2B7328744A6000FC08FA /* Debug */,
				41AA2B7428744A6000FC08FA /* Release */,
			);
			defaultConfigurationIsVisible = 0;
			defaultConfigurationName = Release;
		};
/* End XCConfigurationList section */
	};
	rootObject = 41AA2B3428744A5C00FC08FA /* Project object */;
}
